<?xml version="1.0" encoding="UTF-8" standalone="yes" ?>
<CodeBlocks_project_file>
	<FileVersion major="1" minor="6" />
	<Project>
		<Option title="UX" />
		<Option pch_mode="2" />
		<Option compiler="gcc" />
		<Build>
			<Target title="Release">
				<Option output="bin/Release/UX" prefix_auto="1" extension_auto="1" />
				<Option object_output="obj/Release/" />
				<Option type="1" />
				<Option compiler="gcc" />
				<Option use_console_runner="0" />
				<Linker>
					<Add library="sfml-graphics" />
					<Add library="sfml-window" />
					<Add library="sfml-system" />
				</Linker>
			</Target>
		</Build>
		<Compiler>
			<Add option="-Wshadow" />
			<Add option="-Winit-self" />
			<Add option="-Wredundant-decls" />
			<Add option="-Wcast-align" />
			<Add option="-Wunreachable-code" />
			<Add option="-Wmissing-include-dirs" />
			<Add option="-Weffc++" />
			<Add option="-std=c++11" />
			<Add option="-Wextra" />
			<Add option="-Wall" />
			<Add option="-pg" />
			<Add option="-g" />
			<Add directory="F:/Code/Game/SFML-2.1/include" />
		</Compiler>
		<Linker>
			<Add option="-pg -lgmon" />
			<Add library="mingw32" />
			<Add library="user32" />
			<Add library="gdi32" />
			<Add library="winmm" />
			<Add library="dxguid" />
			<Add directory="F:/Code/Game/SFML-2.1/lib" />
		</Linker>
		<Unit filename="include/animator.h" />
		<Unit filename="include/basic_element.hpp" />
		<Unit filename="include/component.hpp" />
		<Unit filename="include/event.hpp" />
		<Unit filename="include/interpolate.hpp" />
		<Unit filename="include/layout.hpp" />
		<Unit filename="include/log.hpp" />
		<Unit filename="include/lookandfeel.hpp" />
		<Unit filename="include/style.hpp" />
		<Unit filename="include/sux.hpp" />
		<Unit filename="include/typedefs.hpp" />
		<Unit filename="include/uxapp.hpp" />
		<Unit filename="include/window.hpp" />
		<Unit filename="main.cpp" />
		<Unit filename="src/animator.cpp" />
		<Unit filename="src/basic_element.cpp" />
		<Unit filename="src/component.cpp" />
		<Unit filename="src/event.cpp" />
		<Unit filename="src/interpolate.cpp" />
		<Unit filename="src/layout.cpp" />
		<Unit filename="src/log.cpp" />
		<Unit filename="src/lookandfeel.cpp" />
		<Unit filename="src/style.cpp" />
		<Unit filename="src/uxapp.cpp" />
		<Unit filename="src/window.cpp" />
		<Extensions>
			<code_completion />
			<envvars />
			<debugger />
			<lib_finder disable_auto="1" />
		</Extensions>
	</Project>
</CodeBlocks_project_file>
